
Microsoft Visual Studio Solution File, Format Version 12.00
# Visual Studio 14
VisualStudioVersion = 14.0.25123.0
MinimumVisualStudioVersion = 10.0.40219.1
Project("{2150E333-8FDC-42A3-9474-1A3956D46DE8}") = "[1] Infrastructure", "[1] Infrastructure", "{8962E6C9-9800-420B-9F0D-AB8503228364}"
EndProject
Project("{2150E333-8FDC-42A3-9474-1A3956D46DE8}") = "[2] Infrastructure-Modules", "[2] Infrastructure-Modules", "{D09712CE-0A81-48D9-83CC-C37096BD54DE}"
EndProject
Project("{2150E333-8FDC-42A3-9474-1A3956D46DE8}") = "[0.2] UnitTests", "[0.2] UnitTests", "{990464D0-4EB1-46BD-A389-A18AF7341C86}"
EndProject
Project("{2150E333-8FDC-42A3-9474-1A3956D46DE8}") = "[0.1] Architecture", "[0.1] Architecture", "{6CE34B2D-CC47-4D12-B609-12D8481B30EB}"
EndProject
Project("{FAE04EC0-301F-11D3-BF4B-00C04F79EFBC}") = "DotPlatform", "DotPlatform\DotPlatform.csproj", "{4964D0D8-492A-422A-AD2D-3EAFAE881C1A}"
EndProject
Project("{2150E333-8FDC-42A3-9474-1A3956D46DE8}") = "[4] Web", "[4] Web", "{612EA15D-6988-4121-B813-31EEED5CCC2F}"
EndProject
Project("{F088123C-0E9E-452A-89E6-6BA2F21D5CAC}") = "Platform", "Platform\Platform.modelproj", "{F5512476-EE19-4FF7-B95C-631FD1B6F92F}"
EndProject
Project("{2150E333-8FDC-42A3-9474-1A3956D46DE8}") = "[3] Business-Modules", "[3] Business-Modules", "{C5B12CB3-41BF-4D7B-8B01-C7E9FCBF386F}"
EndProject
Project("{FAE04EC0-301F-11D3-BF4B-00C04F79EFBC}") = "DotPlatform.EntityFramework", "DotPlatform.EntityFramework\DotPlatform.EntityFramework.csproj", "{09B41815-54BA-4AFA-973C-0488FB1F578F}"
EndProject
Project("{FAE04EC0-301F-11D3-BF4B-00C04F79EFBC}") = "DotPlatform.Tests", "DotPlatform.Tests\DotPlatform.Tests.csproj", "{3160F70C-D985-454C-825A-68916CC3254B}"
EndProject
Project("{FAE04EC0-301F-11D3-BF4B-00C04F79EFBC}") = "DotPlatform.TestBase", "DotPlatform.TestBase\DotPlatform.TestBase.csproj", "{77C1CAEA-827E-4BBC-BCFA-E005BECA5F65}"
EndProject
Global
	GlobalSection(SolutionConfigurationPlatforms) = preSolution
		Debug|Any CPU = Debug|Any CPU
		Release|Any CPU = Release|Any CPU
	EndGlobalSection
	GlobalSection(ProjectConfigurationPlatforms) = postSolution
		{4964D0D8-492A-422A-AD2D-3EAFAE881C1A}.Debug|Any CPU.ActiveCfg = Debug|Any CPU
		{4964D0D8-492A-422A-AD2D-3EAFAE881C1A}.Debug|Any CPU.Build.0 = Debug|Any CPU
		{4964D0D8-492A-422A-AD2D-3EAFAE881C1A}.Debug|Any CPU.Deploy.0 = Debug|Any CPU
		{4964D0D8-492A-422A-AD2D-3EAFAE881C1A}.Release|Any CPU.ActiveCfg = Release|Any CPU
		{4964D0D8-492A-422A-AD2D-3EAFAE881C1A}.Release|Any CPU.Build.0 = Release|Any CPU
		{F5512476-EE19-4FF7-B95C-631FD1B6F92F}.Debug|Any CPU.ActiveCfg = Debug|Any CPU
		{F5512476-EE19-4FF7-B95C-631FD1B6F92F}.Debug|Any CPU.Build.0 = Debug|Any CPU
		{F5512476-EE19-4FF7-B95C-631FD1B6F92F}.Release|Any CPU.ActiveCfg = Release|Any CPU
		{F5512476-EE19-4FF7-B95C-631FD1B6F92F}.Release|Any CPU.Build.0 = Release|Any CPU
		{09B41815-54BA-4AFA-973C-0488FB1F578F}.Debug|Any CPU.ActiveCfg = Debug|Any CPU
		{09B41815-54BA-4AFA-973C-0488FB1F578F}.Debug|Any CPU.Build.0 = Debug|Any CPU
		{09B41815-54BA-4AFA-973C-0488FB1F578F}.Debug|Any CPU.Deploy.0 = Debug|Any CPU
		{09B41815-54BA-4AFA-973C-0488FB1F578F}.Release|Any CPU.ActiveCfg = Release|Any CPU
		{09B41815-54BA-4AFA-973C-0488FB1F578F}.Release|Any CPU.Build.0 = Release|Any CPU
		{3160F70C-D985-454C-825A-68916CC3254B}.Debug|Any CPU.ActiveCfg = Debug|Any CPU
		{3160F70C-D985-454C-825A-68916CC3254B}.Debug|Any CPU.Build.0 = Debug|Any CPU
		{3160F70C-D985-454C-825A-68916CC3254B}.Release|Any CPU.ActiveCfg = Release|Any CPU
		{3160F70C-D985-454C-825A-68916CC3254B}.Release|Any CPU.Build.0 = Release|Any CPU
		{77C1CAEA-827E-4BBC-BCFA-E005BECA5F65}.Debug|Any CPU.ActiveCfg = Debug|Any CPU
		{77C1CAEA-827E-4BBC-BCFA-E005BECA5F65}.Debug|Any CPU.Build.0 = Debug|Any CPU
		{77C1CAEA-827E-4BBC-BCFA-E005BECA5F65}.Release|Any CPU.ActiveCfg = Release|Any CPU
		{77C1CAEA-827E-4BBC-BCFA-E005BECA5F65}.Release|Any CPU.Build.0 = Release|Any CPU
	EndGlobalSection
	GlobalSection(SolutionProperties) = preSolution
		HideSolutionNode = FALSE
	EndGlobalSection
	GlobalSection(NestedProjects) = preSolution
		{4964D0D8-492A-422A-AD2D-3EAFAE881C1A} = {8962E6C9-9800-420B-9F0D-AB8503228364}
		{F5512476-EE19-4FF7-B95C-631FD1B6F92F} = {6CE34B2D-CC47-4D12-B609-12D8481B30EB}
		{09B41815-54BA-4AFA-973C-0488FB1F578F} = {8962E6C9-9800-420B-9F0D-AB8503228364}
		{3160F70C-D985-454C-825A-68916CC3254B} = {990464D0-4EB1-46BD-A389-A18AF7341C86}
		{77C1CAEA-827E-4BBC-BCFA-E005BECA5F65} = {990464D0-4EB1-46BD-A389-A18AF7341C86}
	EndGlobalSection
EndGlobal
