
Microsoft Visual Studio Solution File, Format Version 12.00
# Visual Studio 14
VisualStudioVersion = 14.0.25123.0
MinimumVisualStudioVersion = 10.0.40219.1
Project("{2150E333-8FDC-42A3-9474-1A3956D46DE8}") = "[1] Infrastructure", "[1] Infrastructure", "{8962E6C9-9800-420B-9F0D-AB8503228364}"
EndProject
Project("{2150E333-8FDC-42A3-9474-1A3956D46DE8}") = "[2] Infrastructure-Modules", "[2] Infrastructure-Modules", "{D09712CE-0A81-48D9-83CC-C37096BD54DE}"
EndProject
Project("{2150E333-8FDC-42A3-9474-1A3956D46DE8}") = "[0.2] UnitTests", "[0.2] UnitTests", "{990464D0-4EB1-46BD-A389-A18AF7341C86}"
EndProject
Project("{2150E333-8FDC-42A3-9474-1A3956D46DE8}") = "[0.1] Architecture", "[0.1] Architecture", "{6CE34B2D-CC47-4D12-B609-12D8481B30EB}"
EndProject
Project("{FAE04EC0-301F-11D3-BF4B-00C04F79EFBC}") = "DotPlatform", "DotPlatform\DotPlatform.csproj", "{4964D0D8-492A-422A-AD2D-3EAFAE881C1A}"
EndProject
Project("{2150E333-8FDC-42A3-9474-1A3956D46DE8}") = "[5] Web", "[5] Web", "{612EA15D-6988-4121-B813-31EEED5CCC2F}"
EndProject
Project("{F088123C-0E9E-452A-89E6-6BA2F21D5CAC}") = "DotPlatform", "Platform\DotPlatform.modelproj", "{F5512476-EE19-4FF7-B95C-631FD1B6F92F}"
EndProject
Project("{2150E333-8FDC-42A3-9474-1A3956D46DE8}") = "[3] Business-Modules", "[3] Business-Modules", "{C5B12CB3-41BF-4D7B-8B01-C7E9FCBF386F}"
EndProject
Project("{FAE04EC0-301F-11D3-BF4B-00C04F79EFBC}") = "DotPlatform.EntityFramework", "DotPlatform.EntityFramework\DotPlatform.EntityFramework.csproj", "{09B41815-54BA-4AFA-973C-0488FB1F578F}"
EndProject
Project("{FAE04EC0-301F-11D3-BF4B-00C04F79EFBC}") = "DotPlatform.TestBase", "DotPlatform.TestBase\DotPlatform.TestBase.csproj", "{77C1CAEA-827E-4BBC-BCFA-E005BECA5F65}"
EndProject
Project("{FAE04EC0-301F-11D3-BF4B-00C04F79EFBC}") = "DotPlatform.RedisCache", "DotPlatform.RedisCache\DotPlatform.RedisCache.csproj", "{097272C4-CA67-4AE4-994B-C9A0119342F3}"
EndProject
Project("{FAE04EC0-301F-11D3-BF4B-00C04F79EFBC}") = "DotPlatform.Web.SignalR", "DotPlatform.Web.SignalR\DotPlatform.Web.SignalR.csproj", "{71C0C83A-FD83-48F3-9C2E-30FD5A16933D}"
EndProject
Project("{FAE04EC0-301F-11D3-BF4B-00C04F79EFBC}") = "DotPlatform.Web", "DotPlatform.Web\DotPlatform.Web.csproj", "{A52150D2-3B42-4A48-AE98-EC4E0F8E2531}"
EndProject
Project("{2150E333-8FDC-42A3-9474-1A3956D46DE8}") = "WMS", "WMS", "{3C89E624-78BC-4A88-A6C7-FEF273ED8637}"
EndProject
Project("{FAE04EC0-301F-11D3-BF4B-00C04F79EFBC}") = "DotPlatform.AutoMapper", "DotPlatform.AutoMapper\DotPlatform.AutoMapper.csproj", "{1DF11C0A-781D-4137-81DE-C915C8FBA88D}"
EndProject
Project("{FAE04EC0-301F-11D3-BF4B-00C04F79EFBC}") = "WMS.Domain", "WMS.Domain\WMS.Domain.csproj", "{817A0D8C-79A2-4F84-8F29-5D0A514736A7}"
EndProject
Project("{FAE04EC0-301F-11D3-BF4B-00C04F79EFBC}") = "WMS.Application", "WMS.Application\WMS.Application.csproj", "{832D6E4E-EE20-4635-B79F-531D92621D7F}"
EndProject
Project("{FAE04EC0-301F-11D3-BF4B-00C04F79EFBC}") = "WMS.DataTransferObject", "WMS.DataTransferObject\WMS.DataTransferObject.csproj", "{1B724B11-6108-4EE2-84B8-ED934C1C2D20}"
EndProject
Project("{FAE04EC0-301F-11D3-BF4B-00C04F79EFBC}") = "WMS.Domain.Repository", "WMS.Domain.Repository\WMS.Domain.Repository.csproj", "{F5889FF7-C6DB-438E-A007-ABE3792187EC}"
EndProject
Project("{FAE04EC0-301F-11D3-BF4B-00C04F79EFBC}") = "DotPlatform.MongoDB", "DotPlatform.MongoDB\DotPlatform.MongoDB.csproj", "{63B69B12-786E-49BA-96E8-093C6227CAAD}"
EndProject
Project("{FAE04EC0-301F-11D3-BF4B-00C04F79EFBC}") = "WMS.Web", "WMS.Web\WMS.Web.csproj", "{AC0A0643-AE8A-4CE9-9979-98A4387EE137}"
EndProject
Project("{FAE04EC0-301F-11D3-BF4B-00C04F79EFBC}") = "DotPlatform.Bus", "DotPlatform.Bus\DotPlatform.Bus.csproj", "{D7ADF3E0-02B4-4EF1-827F-C82F2EBAFEB6}"
EndProject
Project("{2150E333-8FDC-42A3-9474-1A3956D46DE8}") = "WMS", "WMS", "{D6AE2EC0-0DEB-46A9-8196-EF684FF2100C}"
EndProject
Project("{2150E333-8FDC-42A3-9474-1A3956D46DE8}") = "Infrastructure", "Infrastructure", "{3E1E1782-280E-4F5B-AE1C-FBA3AF41203F}"
EndProject
Project("{FAE04EC0-301F-11D3-BF4B-00C04F79EFBC}") = "DotPlatform.Tests.EntityFramework", "DotPlatform.Tests.Entityframework\DotPlatform.Tests.EntityFramework.csproj", "{47B00089-DF2B-4C2D-9FEF-84999CF58AA4}"
EndProject
Project("{FAE04EC0-301F-11D3-BF4B-00C04F79EFBC}") = "DotPlatform.Tests", "DotPlatform.Tests\DotPlatform.Tests.csproj", "{21722C8D-72A2-4B18-B0A9-68FAC47E3AAC}"
EndProject
Project("{FAE04EC0-301F-11D3-BF4B-00C04F79EFBC}") = "DotPlatform.Tests.AutoMapper", "DotPlatform.Tests.AutoMapper\DotPlatform.Tests.AutoMapper.csproj", "{F4292CBD-430F-41B3-A1F3-F3A4965BA78C}"
EndProject
Project("{FAE04EC0-301F-11D3-BF4B-00C04F79EFBC}") = "DotPlatform.Storage", "DotPlatform.Storage\DotPlatform.Storage.csproj", "{0ABBB274-CB90-4E0E-BEB4-ADDC58F116A3}"
EndProject
Project("{FAE04EC0-301F-11D3-BF4B-00C04F79EFBC}") = "DotPlatform.Tests.Storage", "DotPlatform.Tests.Storage\DotPlatform.Tests.Storage.csproj", "{65AA45C3-3E70-4B72-847C-44FD83EF8CAE}"
EndProject
Project("{FAE04EC0-301F-11D3-BF4B-00C04F79EFBC}") = "DotPlatform.Tests.Logger", "DotPlatform.Tests.Logger\DotPlatform.Tests.Logger.csproj", "{E2FF3B97-A2B6-4AA6-B951-964F385641E8}"
EndProject
Project("{FAE04EC0-301F-11D3-BF4B-00C04F79EFBC}") = "DotPlatform.Tests.Bus", "DotPlatform.Tests.Bus\DotPlatform.Tests.Bus.csproj", "{5D5261FF-9F25-4C4F-A3B9-D40803B2F2CD}"
EndProject
Project("{2150E333-8FDC-42A3-9474-1A3956D46DE8}") = "Sample", "Sample", "{908146C9-F986-4890-BD9E-B9B66233684A}"
EndProject
Project("{FAE04EC0-301F-11D3-BF4B-00C04F79EFBC}") = "DotPlatform.Tests.SampleApplication", "DotPlatform.Tests.SampleApplication\DotPlatform.Tests.SampleApplication.csproj", "{7F7B6ED7-FA9B-4A76-9BC6-8DA0B73924E0}"
EndProject
Project("{2150E333-8FDC-42A3-9474-1A3956D46DE8}") = "[4] SelfHosting", "[4] SelfHosting", "{F17D17E1-D53C-45EB-9EFD-18FA6776AA20}"
EndProject
Project("{FAE04EC0-301F-11D3-BF4B-00C04F79EFBC}") = "DotPlatform.RBAC", "DotPlatform.RBAC\DotPlatform.RBAC.csproj", "{CB302955-5080-4D7D-9853-A2CC1685FF15}"
EndProject
Project("{FAE04EC0-301F-11D3-BF4B-00C04F79EFBC}") = "DotPlatform.RBAC.Repository", "DotPlatform.RBAC.Repository\DotPlatform.RBAC.Repository.csproj", "{1E876652-0FEA-47B1-B141-8E6524017408}"
EndProject
Project("{2150E333-8FDC-42A3-9474-1A3956D46DE8}") = "RBAC", "RBAC", "{315EC921-3324-4310-B7E5-48B0A6A362D8}"
EndProject
Project("{FAE04EC0-301F-11D3-BF4B-00C04F79EFBC}") = "DotPlatform.Tests.SampleRbac", "DotPlatform.Tests.SampleRbac\DotPlatform.Tests.SampleRbac.csproj", "{657EB626-148A-4A0D-BAF4-75554BDB0E96}"
EndProject
Project("{2150E333-8FDC-42A3-9474-1A3956D46DE8}") = "WMS", "WMS", "{8E747841-75D7-4276-84AA-BDE0863D1873}"
EndProject
Project("{FAE04EC0-301F-11D3-BF4B-00C04F79EFBC}") = "WMS.Tests.Repository", "WMS.Tests.Repository\WMS.Tests.Repository.csproj", "{41AABD51-12CC-4D93-8D46-A89B21FC9F45}"
EndProject
Project("{FAE04EC0-301F-11D3-BF4B-00C04F79EFBC}") = "WMS.Tests.ApplicationServices", "WMS.Tests.ApplicationServices\WMS.Tests.ApplicationServices.csproj", "{6B8087FE-5364-4D30-8641-AAD1207A1DD1}"
EndProject
Project("{FAE04EC0-301F-11D3-BF4B-00C04F79EFBC}") = "WMS.Web.Client", "WMS.Web.Client\WMS.Web.Client.csproj", "{9E3A2D2A-37BD-4DF3-A6E6-35DE60CF1EE2}"
EndProject
Project("{FAE04EC0-301F-11D3-BF4B-00C04F79EFBC}") = "DotPlatform.Logger", "DotPlatform.Logger\DotPlatform.Logger.csproj", "{63D8BD86-3C28-47D0-9B6C-B4AC8285C689}"
EndProject
Project("{FAE04EC0-301F-11D3-BF4B-00C04F79EFBC}") = "DotPlatform.Plugin", "DotPlatform.Plugin\DotPlatform.Plugin.csproj", "{70A1C23E-BA57-48EF-B7B3-A60C6972608B}"
EndProject
Global
	GlobalSection(SolutionConfigurationPlatforms) = preSolution
		Debug|Any CPU = Debug|Any CPU
		Release|Any CPU = Release|Any CPU
	EndGlobalSection
	GlobalSection(ProjectConfigurationPlatforms) = postSolution
		{4964D0D8-492A-422A-AD2D-3EAFAE881C1A}.Debug|Any CPU.ActiveCfg = Debug|Any CPU
		{4964D0D8-492A-422A-AD2D-3EAFAE881C1A}.Debug|Any CPU.Build.0 = Debug|Any CPU
		{4964D0D8-492A-422A-AD2D-3EAFAE881C1A}.Debug|Any CPU.Deploy.0 = Debug|Any CPU
		{4964D0D8-492A-422A-AD2D-3EAFAE881C1A}.Release|Any CPU.ActiveCfg = Release|Any CPU
		{4964D0D8-492A-422A-AD2D-3EAFAE881C1A}.Release|Any CPU.Build.0 = Release|Any CPU
		{F5512476-EE19-4FF7-B95C-631FD1B6F92F}.Debug|Any CPU.ActiveCfg = Debug|Any CPU
		{F5512476-EE19-4FF7-B95C-631FD1B6F92F}.Debug|Any CPU.Build.0 = Debug|Any CPU
		{F5512476-EE19-4FF7-B95C-631FD1B6F92F}.Release|Any CPU.ActiveCfg = Release|Any CPU
		{F5512476-EE19-4FF7-B95C-631FD1B6F92F}.Release|Any CPU.Build.0 = Release|Any CPU
		{09B41815-54BA-4AFA-973C-0488FB1F578F}.Debug|Any CPU.ActiveCfg = Debug|Any CPU
		{09B41815-54BA-4AFA-973C-0488FB1F578F}.Debug|Any CPU.Build.0 = Debug|Any CPU
		{09B41815-54BA-4AFA-973C-0488FB1F578F}.Debug|Any CPU.Deploy.0 = Debug|Any CPU
		{09B41815-54BA-4AFA-973C-0488FB1F578F}.Release|Any CPU.ActiveCfg = Release|Any CPU
		{09B41815-54BA-4AFA-973C-0488FB1F578F}.Release|Any CPU.Build.0 = Release|Any CPU
		{77C1CAEA-827E-4BBC-BCFA-E005BECA5F65}.Debug|Any CPU.ActiveCfg = Debug|Any CPU
		{77C1CAEA-827E-4BBC-BCFA-E005BECA5F65}.Debug|Any CPU.Build.0 = Debug|Any CPU
		{77C1CAEA-827E-4BBC-BCFA-E005BECA5F65}.Release|Any CPU.ActiveCfg = Release|Any CPU
		{77C1CAEA-827E-4BBC-BCFA-E005BECA5F65}.Release|Any CPU.Build.0 = Release|Any CPU
		{097272C4-CA67-4AE4-994B-C9A0119342F3}.Debug|Any CPU.ActiveCfg = Debug|Any CPU
		{097272C4-CA67-4AE4-994B-C9A0119342F3}.Debug|Any CPU.Build.0 = Debug|Any CPU
		{097272C4-CA67-4AE4-994B-C9A0119342F3}.Release|Any CPU.ActiveCfg = Release|Any CPU
		{097272C4-CA67-4AE4-994B-C9A0119342F3}.Release|Any CPU.Build.0 = Release|Any CPU
		{71C0C83A-FD83-48F3-9C2E-30FD5A16933D}.Debug|Any CPU.ActiveCfg = Debug|Any CPU
		{71C0C83A-FD83-48F3-9C2E-30FD5A16933D}.Debug|Any CPU.Build.0 = Debug|Any CPU
		{71C0C83A-FD83-48F3-9C2E-30FD5A16933D}.Release|Any CPU.ActiveCfg = Release|Any CPU
		{71C0C83A-FD83-48F3-9C2E-30FD5A16933D}.Release|Any CPU.Build.0 = Release|Any CPU
		{A52150D2-3B42-4A48-AE98-EC4E0F8E2531}.Debug|Any CPU.ActiveCfg = Debug|Any CPU
		{A52150D2-3B42-4A48-AE98-EC4E0F8E2531}.Debug|Any CPU.Build.0 = Debug|Any CPU
		{A52150D2-3B42-4A48-AE98-EC4E0F8E2531}.Release|Any CPU.ActiveCfg = Release|Any CPU
		{A52150D2-3B42-4A48-AE98-EC4E0F8E2531}.Release|Any CPU.Build.0 = Release|Any CPU
		{1DF11C0A-781D-4137-81DE-C915C8FBA88D}.Debug|Any CPU.ActiveCfg = Debug|Any CPU
		{1DF11C0A-781D-4137-81DE-C915C8FBA88D}.Debug|Any CPU.Build.0 = Debug|Any CPU
		{1DF11C0A-781D-4137-81DE-C915C8FBA88D}.Release|Any CPU.ActiveCfg = Release|Any CPU
		{1DF11C0A-781D-4137-81DE-C915C8FBA88D}.Release|Any CPU.Build.0 = Release|Any CPU
		{817A0D8C-79A2-4F84-8F29-5D0A514736A7}.Debug|Any CPU.ActiveCfg = Debug|Any CPU
		{817A0D8C-79A2-4F84-8F29-5D0A514736A7}.Debug|Any CPU.Build.0 = Debug|Any CPU
		{817A0D8C-79A2-4F84-8F29-5D0A514736A7}.Release|Any CPU.ActiveCfg = Release|Any CPU
		{817A0D8C-79A2-4F84-8F29-5D0A514736A7}.Release|Any CPU.Build.0 = Release|Any CPU
		{832D6E4E-EE20-4635-B79F-531D92621D7F}.Debug|Any CPU.ActiveCfg = Debug|Any CPU
		{832D6E4E-EE20-4635-B79F-531D92621D7F}.Debug|Any CPU.Build.0 = Debug|Any CPU
		{832D6E4E-EE20-4635-B79F-531D92621D7F}.Release|Any CPU.ActiveCfg = Release|Any CPU
		{832D6E4E-EE20-4635-B79F-531D92621D7F}.Release|Any CPU.Build.0 = Release|Any CPU
		{1B724B11-6108-4EE2-84B8-ED934C1C2D20}.Debug|Any CPU.ActiveCfg = Debug|Any CPU
		{1B724B11-6108-4EE2-84B8-ED934C1C2D20}.Debug|Any CPU.Build.0 = Debug|Any CPU
		{1B724B11-6108-4EE2-84B8-ED934C1C2D20}.Release|Any CPU.ActiveCfg = Release|Any CPU
		{1B724B11-6108-4EE2-84B8-ED934C1C2D20}.Release|Any CPU.Build.0 = Release|Any CPU
		{F5889FF7-C6DB-438E-A007-ABE3792187EC}.Debug|Any CPU.ActiveCfg = Debug|Any CPU
		{F5889FF7-C6DB-438E-A007-ABE3792187EC}.Debug|Any CPU.Build.0 = Debug|Any CPU
		{F5889FF7-C6DB-438E-A007-ABE3792187EC}.Release|Any CPU.ActiveCfg = Release|Any CPU
		{F5889FF7-C6DB-438E-A007-ABE3792187EC}.Release|Any CPU.Build.0 = Release|Any CPU
		{63B69B12-786E-49BA-96E8-093C6227CAAD}.Debug|Any CPU.ActiveCfg = Debug|Any CPU
		{63B69B12-786E-49BA-96E8-093C6227CAAD}.Debug|Any CPU.Build.0 = Debug|Any CPU
		{63B69B12-786E-49BA-96E8-093C6227CAAD}.Release|Any CPU.ActiveCfg = Release|Any CPU
		{63B69B12-786E-49BA-96E8-093C6227CAAD}.Release|Any CPU.Build.0 = Release|Any CPU
		{AC0A0643-AE8A-4CE9-9979-98A4387EE137}.Debug|Any CPU.ActiveCfg = Debug|Any CPU
		{AC0A0643-AE8A-4CE9-9979-98A4387EE137}.Debug|Any CPU.Build.0 = Debug|Any CPU
		{AC0A0643-AE8A-4CE9-9979-98A4387EE137}.Release|Any CPU.ActiveCfg = Release|Any CPU
		{AC0A0643-AE8A-4CE9-9979-98A4387EE137}.Release|Any CPU.Build.0 = Release|Any CPU
		{D7ADF3E0-02B4-4EF1-827F-C82F2EBAFEB6}.Debug|Any CPU.ActiveCfg = Debug|Any CPU
		{D7ADF3E0-02B4-4EF1-827F-C82F2EBAFEB6}.Debug|Any CPU.Build.0 = Debug|Any CPU
		{D7ADF3E0-02B4-4EF1-827F-C82F2EBAFEB6}.Release|Any CPU.ActiveCfg = Release|Any CPU
		{D7ADF3E0-02B4-4EF1-827F-C82F2EBAFEB6}.Release|Any CPU.Build.0 = Release|Any CPU
		{47B00089-DF2B-4C2D-9FEF-84999CF58AA4}.Debug|Any CPU.ActiveCfg = Debug|Any CPU
		{47B00089-DF2B-4C2D-9FEF-84999CF58AA4}.Debug|Any CPU.Build.0 = Debug|Any CPU
		{47B00089-DF2B-4C2D-9FEF-84999CF58AA4}.Release|Any CPU.ActiveCfg = Release|Any CPU
		{47B00089-DF2B-4C2D-9FEF-84999CF58AA4}.Release|Any CPU.Build.0 = Release|Any CPU
		{21722C8D-72A2-4B18-B0A9-68FAC47E3AAC}.Debug|Any CPU.ActiveCfg = Debug|Any CPU
		{21722C8D-72A2-4B18-B0A9-68FAC47E3AAC}.Debug|Any CPU.Build.0 = Debug|Any CPU
		{21722C8D-72A2-4B18-B0A9-68FAC47E3AAC}.Release|Any CPU.ActiveCfg = Release|Any CPU
		{21722C8D-72A2-4B18-B0A9-68FAC47E3AAC}.Release|Any CPU.Build.0 = Release|Any CPU
		{F4292CBD-430F-41B3-A1F3-F3A4965BA78C}.Debug|Any CPU.ActiveCfg = Debug|Any CPU
		{F4292CBD-430F-41B3-A1F3-F3A4965BA78C}.Debug|Any CPU.Build.0 = Debug|Any CPU
		{F4292CBD-430F-41B3-A1F3-F3A4965BA78C}.Release|Any CPU.ActiveCfg = Release|Any CPU
		{F4292CBD-430F-41B3-A1F3-F3A4965BA78C}.Release|Any CPU.Build.0 = Release|Any CPU
		{0ABBB274-CB90-4E0E-BEB4-ADDC58F116A3}.Debug|Any CPU.ActiveCfg = Debug|Any CPU
		{0ABBB274-CB90-4E0E-BEB4-ADDC58F116A3}.Debug|Any CPU.Build.0 = Debug|Any CPU
		{0ABBB274-CB90-4E0E-BEB4-ADDC58F116A3}.Release|Any CPU.ActiveCfg = Release|Any CPU
		{0ABBB274-CB90-4E0E-BEB4-ADDC58F116A3}.Release|Any CPU.Build.0 = Release|Any CPU
		{65AA45C3-3E70-4B72-847C-44FD83EF8CAE}.Debug|Any CPU.ActiveCfg = Debug|Any CPU
		{65AA45C3-3E70-4B72-847C-44FD83EF8CAE}.Debug|Any CPU.Build.0 = Debug|Any CPU
		{65AA45C3-3E70-4B72-847C-44FD83EF8CAE}.Release|Any CPU.ActiveCfg = Release|Any CPU
		{65AA45C3-3E70-4B72-847C-44FD83EF8CAE}.Release|Any CPU.Build.0 = Release|Any CPU
		{E2FF3B97-A2B6-4AA6-B951-964F385641E8}.Debug|Any CPU.ActiveCfg = Debug|Any CPU
		{E2FF3B97-A2B6-4AA6-B951-964F385641E8}.Debug|Any CPU.Build.0 = Debug|Any CPU
		{E2FF3B97-A2B6-4AA6-B951-964F385641E8}.Release|Any CPU.ActiveCfg = Release|Any CPU
		{E2FF3B97-A2B6-4AA6-B951-964F385641E8}.Release|Any CPU.Build.0 = Release|Any CPU
		{5D5261FF-9F25-4C4F-A3B9-D40803B2F2CD}.Debug|Any CPU.ActiveCfg = Debug|Any CPU
		{5D5261FF-9F25-4C4F-A3B9-D40803B2F2CD}.Debug|Any CPU.Build.0 = Debug|Any CPU
		{5D5261FF-9F25-4C4F-A3B9-D40803B2F2CD}.Release|Any CPU.ActiveCfg = Release|Any CPU
		{5D5261FF-9F25-4C4F-A3B9-D40803B2F2CD}.Release|Any CPU.Build.0 = Release|Any CPU
		{7F7B6ED7-FA9B-4A76-9BC6-8DA0B73924E0}.Debug|Any CPU.ActiveCfg = Debug|Any CPU
		{7F7B6ED7-FA9B-4A76-9BC6-8DA0B73924E0}.Debug|Any CPU.Build.0 = Debug|Any CPU
		{7F7B6ED7-FA9B-4A76-9BC6-8DA0B73924E0}.Release|Any CPU.ActiveCfg = Release|Any CPU
		{7F7B6ED7-FA9B-4A76-9BC6-8DA0B73924E0}.Release|Any CPU.Build.0 = Release|Any CPU
		{CB302955-5080-4D7D-9853-A2CC1685FF15}.Debug|Any CPU.ActiveCfg = Debug|Any CPU
		{CB302955-5080-4D7D-9853-A2CC1685FF15}.Debug|Any CPU.Build.0 = Debug|Any CPU
		{CB302955-5080-4D7D-9853-A2CC1685FF15}.Release|Any CPU.ActiveCfg = Release|Any CPU
		{CB302955-5080-4D7D-9853-A2CC1685FF15}.Release|Any CPU.Build.0 = Release|Any CPU
		{1E876652-0FEA-47B1-B141-8E6524017408}.Debug|Any CPU.ActiveCfg = Debug|Any CPU
		{1E876652-0FEA-47B1-B141-8E6524017408}.Debug|Any CPU.Build.0 = Debug|Any CPU
		{1E876652-0FEA-47B1-B141-8E6524017408}.Release|Any CPU.ActiveCfg = Release|Any CPU
		{1E876652-0FEA-47B1-B141-8E6524017408}.Release|Any CPU.Build.0 = Release|Any CPU
		{657EB626-148A-4A0D-BAF4-75554BDB0E96}.Debug|Any CPU.ActiveCfg = Debug|Any CPU
		{657EB626-148A-4A0D-BAF4-75554BDB0E96}.Debug|Any CPU.Build.0 = Debug|Any CPU
		{657EB626-148A-4A0D-BAF4-75554BDB0E96}.Release|Any CPU.ActiveCfg = Release|Any CPU
		{657EB626-148A-4A0D-BAF4-75554BDB0E96}.Release|Any CPU.Build.0 = Release|Any CPU
		{41AABD51-12CC-4D93-8D46-A89B21FC9F45}.Debug|Any CPU.ActiveCfg = Debug|Any CPU
		{41AABD51-12CC-4D93-8D46-A89B21FC9F45}.Debug|Any CPU.Build.0 = Debug|Any CPU
		{41AABD51-12CC-4D93-8D46-A89B21FC9F45}.Release|Any CPU.ActiveCfg = Release|Any CPU
		{41AABD51-12CC-4D93-8D46-A89B21FC9F45}.Release|Any CPU.Build.0 = Release|Any CPU
		{6B8087FE-5364-4D30-8641-AAD1207A1DD1}.Debug|Any CPU.ActiveCfg = Debug|Any CPU
		{6B8087FE-5364-4D30-8641-AAD1207A1DD1}.Debug|Any CPU.Build.0 = Debug|Any CPU
		{6B8087FE-5364-4D30-8641-AAD1207A1DD1}.Release|Any CPU.ActiveCfg = Release|Any CPU
		{6B8087FE-5364-4D30-8641-AAD1207A1DD1}.Release|Any CPU.Build.0 = Release|Any CPU
		{9E3A2D2A-37BD-4DF3-A6E6-35DE60CF1EE2}.Debug|Any CPU.ActiveCfg = Debug|Any CPU
		{9E3A2D2A-37BD-4DF3-A6E6-35DE60CF1EE2}.Debug|Any CPU.Build.0 = Debug|Any CPU
		{9E3A2D2A-37BD-4DF3-A6E6-35DE60CF1EE2}.Release|Any CPU.ActiveCfg = Release|Any CPU
		{9E3A2D2A-37BD-4DF3-A6E6-35DE60CF1EE2}.Release|Any CPU.Build.0 = Release|Any CPU
		{63D8BD86-3C28-47D0-9B6C-B4AC8285C689}.Debug|Any CPU.ActiveCfg = Debug|Any CPU
		{63D8BD86-3C28-47D0-9B6C-B4AC8285C689}.Debug|Any CPU.Build.0 = Debug|Any CPU
		{63D8BD86-3C28-47D0-9B6C-B4AC8285C689}.Release|Any CPU.ActiveCfg = Release|Any CPU
		{63D8BD86-3C28-47D0-9B6C-B4AC8285C689}.Release|Any CPU.Build.0 = Release|Any CPU
		{70A1C23E-BA57-48EF-B7B3-A60C6972608B}.Debug|Any CPU.ActiveCfg = Debug|Any CPU
		{70A1C23E-BA57-48EF-B7B3-A60C6972608B}.Debug|Any CPU.Build.0 = Debug|Any CPU
		{70A1C23E-BA57-48EF-B7B3-A60C6972608B}.Release|Any CPU.ActiveCfg = Release|Any CPU
		{70A1C23E-BA57-48EF-B7B3-A60C6972608B}.Release|Any CPU.Build.0 = Release|Any CPU
	EndGlobalSection
	GlobalSection(SolutionProperties) = preSolution
		HideSolutionNode = FALSE
	EndGlobalSection
	GlobalSection(NestedProjects) = preSolution
		{4964D0D8-492A-422A-AD2D-3EAFAE881C1A} = {8962E6C9-9800-420B-9F0D-AB8503228364}
		{F5512476-EE19-4FF7-B95C-631FD1B6F92F} = {6CE34B2D-CC47-4D12-B609-12D8481B30EB}
		{09B41815-54BA-4AFA-973C-0488FB1F578F} = {8962E6C9-9800-420B-9F0D-AB8503228364}
		{77C1CAEA-827E-4BBC-BCFA-E005BECA5F65} = {3E1E1782-280E-4F5B-AE1C-FBA3AF41203F}
		{097272C4-CA67-4AE4-994B-C9A0119342F3} = {8962E6C9-9800-420B-9F0D-AB8503228364}
		{71C0C83A-FD83-48F3-9C2E-30FD5A16933D} = {8962E6C9-9800-420B-9F0D-AB8503228364}
		{A52150D2-3B42-4A48-AE98-EC4E0F8E2531} = {8962E6C9-9800-420B-9F0D-AB8503228364}
		{3C89E624-78BC-4A88-A6C7-FEF273ED8637} = {C5B12CB3-41BF-4D7B-8B01-C7E9FCBF386F}
		{1DF11C0A-781D-4137-81DE-C915C8FBA88D} = {8962E6C9-9800-420B-9F0D-AB8503228364}
		{817A0D8C-79A2-4F84-8F29-5D0A514736A7} = {3C89E624-78BC-4A88-A6C7-FEF273ED8637}
		{832D6E4E-EE20-4635-B79F-531D92621D7F} = {3C89E624-78BC-4A88-A6C7-FEF273ED8637}
		{1B724B11-6108-4EE2-84B8-ED934C1C2D20} = {3C89E624-78BC-4A88-A6C7-FEF273ED8637}
		{F5889FF7-C6DB-438E-A007-ABE3792187EC} = {3C89E624-78BC-4A88-A6C7-FEF273ED8637}
		{63B69B12-786E-49BA-96E8-093C6227CAAD} = {8962E6C9-9800-420B-9F0D-AB8503228364}
		{AC0A0643-AE8A-4CE9-9979-98A4387EE137} = {D6AE2EC0-0DEB-46A9-8196-EF684FF2100C}
		{D7ADF3E0-02B4-4EF1-827F-C82F2EBAFEB6} = {8962E6C9-9800-420B-9F0D-AB8503228364}
		{D6AE2EC0-0DEB-46A9-8196-EF684FF2100C} = {612EA15D-6988-4121-B813-31EEED5CCC2F}
		{3E1E1782-280E-4F5B-AE1C-FBA3AF41203F} = {990464D0-4EB1-46BD-A389-A18AF7341C86}
		{47B00089-DF2B-4C2D-9FEF-84999CF58AA4} = {3E1E1782-280E-4F5B-AE1C-FBA3AF41203F}
		{21722C8D-72A2-4B18-B0A9-68FAC47E3AAC} = {3E1E1782-280E-4F5B-AE1C-FBA3AF41203F}
		{F4292CBD-430F-41B3-A1F3-F3A4965BA78C} = {3E1E1782-280E-4F5B-AE1C-FBA3AF41203F}
		{0ABBB274-CB90-4E0E-BEB4-ADDC58F116A3} = {8962E6C9-9800-420B-9F0D-AB8503228364}
		{65AA45C3-3E70-4B72-847C-44FD83EF8CAE} = {3E1E1782-280E-4F5B-AE1C-FBA3AF41203F}
		{E2FF3B97-A2B6-4AA6-B951-964F385641E8} = {3E1E1782-280E-4F5B-AE1C-FBA3AF41203F}
		{5D5261FF-9F25-4C4F-A3B9-D40803B2F2CD} = {3E1E1782-280E-4F5B-AE1C-FBA3AF41203F}
		{908146C9-F986-4890-BD9E-B9B66233684A} = {990464D0-4EB1-46BD-A389-A18AF7341C86}
		{7F7B6ED7-FA9B-4A76-9BC6-8DA0B73924E0} = {908146C9-F986-4890-BD9E-B9B66233684A}
		{CB302955-5080-4D7D-9853-A2CC1685FF15} = {315EC921-3324-4310-B7E5-48B0A6A362D8}
		{1E876652-0FEA-47B1-B141-8E6524017408} = {315EC921-3324-4310-B7E5-48B0A6A362D8}
		{315EC921-3324-4310-B7E5-48B0A6A362D8} = {D09712CE-0A81-48D9-83CC-C37096BD54DE}
		{657EB626-148A-4A0D-BAF4-75554BDB0E96} = {908146C9-F986-4890-BD9E-B9B66233684A}
		{8E747841-75D7-4276-84AA-BDE0863D1873} = {990464D0-4EB1-46BD-A389-A18AF7341C86}
		{41AABD51-12CC-4D93-8D46-A89B21FC9F45} = {8E747841-75D7-4276-84AA-BDE0863D1873}
		{6B8087FE-5364-4D30-8641-AAD1207A1DD1} = {8E747841-75D7-4276-84AA-BDE0863D1873}
		{9E3A2D2A-37BD-4DF3-A6E6-35DE60CF1EE2} = {D6AE2EC0-0DEB-46A9-8196-EF684FF2100C}
		{63D8BD86-3C28-47D0-9B6C-B4AC8285C689} = {8962E6C9-9800-420B-9F0D-AB8503228364}
		{70A1C23E-BA57-48EF-B7B3-A60C6972608B} = {8962E6C9-9800-420B-9F0D-AB8503228364}
	EndGlobalSection
EndGlobal
